
Microsoft Visual Studio Solution File, Format Version 12.00
# Visual Studio Version 16
VisualStudioVersion = 16.0.28407.52
MinimumVisualStudioVersion = 10.0.40219.1
Project("{FAE04EC0-301F-11D3-BF4B-00C04F79EFBC}") = "SMProject", "SMProject\SMProject.csproj", "{3F63803D-526F-4AC4-81B5-49958F91CF1E}"
EndProject
Global
	GlobalSection(SolutionConfigurationPlatforms) = preSolution
		Debug|Any CPU = Debug|Any CPU
		Release|Any CPU = Release|Any CPU
	EndGlobalSection
	GlobalSection(ProjectConfigurationPlatforms) = postSolution
		{3F63803D-526F-4AC4-81B5-49958F91CF1E}.Debug|Any CPU.ActiveCfg = Debug|Any CPU
		{3F63803D-526F-4AC4-81B5-49958F91CF1E}.Debug|Any CPU.Build.0 = Debug|Any CPU
		{3F63803D-526F-4AC4-81B5-49958F91CF1E}.Release|Any CPU.ActiveCfg = Release|Any CPU
		{3F63803D-526F-4AC4-81B5-49958F91CF1E}.Release|Any CPU.Build.0 = Release|Any CPU
	EndGlobalSection
	GlobalSection(SolutionProperties) = preSolution
		HideSolutionNode = FALSE
	EndGlobalSection
	GlobalSection(ExtensibilityGlobals) = postSolution
		SolutionGuid = {3E67D592-6E14-4DA5-9294-AA9F425C6905}
	EndGlobalSection
EndGlobal
